{
  "name": "kaymet_daily_reports_app",
  "lockfileVersion": 3,
  "requires": true,
  "packages": {
    "": {
      "dependencies": {
        "@azure/msal-browser": "^4.10.0",
        "@azure/msal-react": "^3.0.9"
      }
    },
    "node_modules/@azure/msal-browser": {
      "version": "4.10.0",
      "resolved": "https://registry.npmjs.org/@azure/msal-browser/-/msal-browser-4.10.0.tgz",
      "integrity": "sha512-48X2VwOtHk8A1CI00E8tAqko0+3qQh53u5bOPySzdojL3T/Ad4GgRnN0c0oLJ1/PcTm4D4QybHYG3LBOX0l3/g==",
      "dependencies": {
        "@azure/msal-common": "15.5.0"
      },
      "engines": {
        "node": ">=0.8.0"
      }
    },
    "node_modules/@azure/msal-common": {
      "version": "15.5.0",
      "resolved": "https://registry.npmjs.org/@azure/msal-common/-/msal-common-15.5.0.tgz",
      "integrity": "sha512-u97AJ6m4PB24/Plms9e9iydRcOaxxrHWkan1px5GeWGJfakY1D/r1DmY1+Typ8zWC/5JbNzH1GYpXrorPymz5g==",
      "engines": {
        "node": ">=0.8.0"
      }
    },
    "node_modules/@azure/msal-react": {
      "version": "3.0.9",
      "resolved": "https://registry.npmjs.org/@azure/msal-react/-/msal-react-3.0.9.tgz",
      "integrity": "sha512-im4F/MIYn6RbkfbKs8XA6Zs4FDo6EflfBIgmlUlYls8orpYECtsaRzCEZxPomMRNjzwo1Lm54TlY/Mtj0+SAaA==",
      "engines": {
        "node": ">=10"
      },
      "peerDependencies": {
        "@azure/msal-browser": "^4.10.0",
        "react": "^16.8.0 || ^17 || ^18"
      }
    },
    "node_modules/js-tokens": {
      "version": "4.0.0",
      "resolved": "https://registry.npmjs.org/js-tokens/-/js-tokens-4.0.0.tgz",
      "integrity": "sha512-RdJUflcE3cUzKiMqQgsCu06FPu9UdIJO0beYbPhHN4k6apgJtifcoCtT9bcxOpYBtpD2kCM6Sbzg4CausW/PKQ==",
      "peer": true
    },
    "node_modules/loose-envify": {
      "version": "1.4.0",
      "resolved": "https://registry.npmjs.org/loose-envify/-/loose-envify-1.4.0.tgz",
      "integrity": "sha512-lyuxPGr/Wfhrlem2CL/UcnUc1zcqKAImBDzukY7Y5F/yQiNdko6+fRLevlw1HgMySw7f611UIY408EtxRSoK3Q==",
      "peer": true,
      "dependencies": {
        "js-tokens": "^3.0.0 || ^4.0.0"
      },
      "bin": {
        "loose-envify": "cli.js"
      }
    },
    "node_modules/react": {
      "version": "18.3.1",
      "resolved": "https://registry.npmjs.org/react/-/react-18.3.1.tgz",
      "integrity": "sha512-wS+hAgJShR0KhEvPJArfuPVN1+Hz1t0Y6n5jLrGQbkb4urgPE/0Rve+1kMB1v/oWgHgm4WIcV+i7F2pTVj+2iQ==",
      "peer": true,
      "dependencies": {
        "loose-envify": "^1.1.0"
      },
      "engines": {
        "node": ">=0.10.0"
      }
    }
  }
}
